
Microsoft Visual Studio Solution File, Format Version 12.00
# Visual Studio Version 16
VisualStudioVersion = 16.0.30011.22
MinimumVisualStudioVersion = 10.0.40219.1
Project("{8BC9CEB8-8B4A-11D0-8D11-00A0C91BC942}") = "tank-battle", "tank-battle.vcxproj", "{D0C2B66D-7D14-4230-AF35-44F2827D754E}"
EndProject
Global
	GlobalSection(SolutionConfigurationPlatforms) = preSolution
		Debug|x64 = Debug|x64
		Debug|x86 = Debug|x86
		Release|x64 = Release|x64
		Release|x86 = Release|x86
	EndGlobalSection
	GlobalSection(ProjectConfigurationPlatforms) = postSolution
		{D0C2B66D-7D14-4230-AF35-44F2827D754E}.Debug|x64.ActiveCfg = Debug|x64
		{D0C2B66D-7D14-4230-AF35-44F2827D754E}.Debug|x64.Build.0 = Debug|x64
		{D0C2B66D-7D14-4230-AF35-44F2827D754E}.Debug|x86.ActiveCfg = Debug|Win32
		{D0C2B66D-7D14-4230-AF35-44F2827D754E}.Debug|x86.Build.0 = Debug|Win32
		{D0C2B66D-7D14-4230-AF35-44F2827D754E}.Release|x64.ActiveCfg = Release|x64
		{D0C2B66D-7D14-4230-AF35-44F2827D754E}.Release|x64.Build.0 = Release|x64
		{D0C2B66D-7D14-4230-AF35-44F2827D754E}.Release|x86.ActiveCfg = Release|Win32
		{D0C2B66D-7D14-4230-AF35-44F2827D754E}.Release|x86.Build.0 = Release|Win32
	EndGlobalSection
	GlobalSection(SolutionProperties) = preSolution
		HideSolutionNode = FALSE
	EndGlobalSection
	GlobalSection(ExtensibilityGlobals) = postSolution
		SolutionGuid = {CEC2CA96-8149-43D6-ABCF-5231DF63273C}
	EndGlobalSection
EndGlobal
